
Microsoft Visual Studio Solution File, Format Version 12.00
# Visual Studio 15
VisualStudioVersion = 15.0.28010.2016
MinimumVisualStudioVersion = 10.0.40219.1
Project("{FAE04EC0-301F-11D3-BF4B-00C04F79EFBC}") = "Moneyveo.TestTask", "Moneyveo.TestTask\Moneyveo.TestTask.csproj", "{B691F095-2BAF-40DA-8C3F-67BE8376AF00}"
EndProject
Project("{FAE04EC0-301F-11D3-BF4B-00C04F79EFBC}") = "Moneyveo.TestTask.Tests", "Moneyveo.TestTask.Tests\Moneyveo.TestTask.Tests.csproj", "{4C7ED16E-84A3-4899-ADBC-A99272C05F20}"
EndProject
Global
	GlobalSection(SolutionConfigurationPlatforms) = preSolution
		Debug|Any CPU = Debug|Any CPU
		Release|Any CPU = Release|Any CPU
	EndGlobalSection
	GlobalSection(ProjectConfigurationPlatforms) = postSolution
		{B691F095-2BAF-40DA-8C3F-67BE8376AF00}.Debug|Any CPU.ActiveCfg = Debug|Any CPU
		{B691F095-2BAF-40DA-8C3F-67BE8376AF00}.Debug|Any CPU.Build.0 = Debug|Any CPU
		{B691F095-2BAF-40DA-8C3F-67BE8376AF00}.Release|Any CPU.ActiveCfg = Release|Any CPU
		{B691F095-2BAF-40DA-8C3F-67BE8376AF00}.Release|Any CPU.Build.0 = Release|Any CPU
		{4C7ED16E-84A3-4899-ADBC-A99272C05F20}.Debug|Any CPU.ActiveCfg = Debug|Any CPU
		{4C7ED16E-84A3-4899-ADBC-A99272C05F20}.Debug|Any CPU.Build.0 = Debug|Any CPU
		{4C7ED16E-84A3-4899-ADBC-A99272C05F20}.Release|Any CPU.ActiveCfg = Release|Any CPU
		{4C7ED16E-84A3-4899-ADBC-A99272C05F20}.Release|Any CPU.Build.0 = Release|Any CPU
	EndGlobalSection
	GlobalSection(SolutionProperties) = preSolution
		HideSolutionNode = FALSE
	EndGlobalSection
	GlobalSection(ExtensibilityGlobals) = postSolution
		SolutionGuid = {1C2FFC7E-0721-4EDF-849E-ADC920287701}
	EndGlobalSection
EndGlobal
