
Microsoft Visual Studio Solution File, Format Version 12.00
# Visual Studio 15
VisualStudioVersion = 15.0.27703.2042
MinimumVisualStudioVersion = 10.0.40219.1
Project("{FAE04EC0-301F-11D3-BF4B-00C04F79EFBC}") = "CoreTestApp", "CoreTestApp\CoreTestApp.csproj", "{7559985B-DFBF-42CA-A2E9-D622950AE3EB}"
EndProject
Global
	GlobalSection(SolutionConfigurationPlatforms) = preSolution
		Debug|Any CPU = Debug|Any CPU
		Release|Any CPU = Release|Any CPU
	EndGlobalSection
	GlobalSection(ProjectConfigurationPlatforms) = postSolution
		{7559985B-DFBF-42CA-A2E9-D622950AE3EB}.Debug|Any CPU.ActiveCfg = Debug|Any CPU
		{7559985B-DFBF-42CA-A2E9-D622950AE3EB}.Debug|Any CPU.Build.0 = Debug|Any CPU
		{7559985B-DFBF-42CA-A2E9-D622950AE3EB}.Release|Any CPU.ActiveCfg = Release|Any CPU
		{7559985B-DFBF-42CA-A2E9-D622950AE3EB}.Release|Any CPU.Build.0 = Release|Any CPU
	EndGlobalSection
	GlobalSection(SolutionProperties) = preSolution
		HideSolutionNode = FALSE
	EndGlobalSection
	GlobalSection(ExtensibilityGlobals) = postSolution
		SolutionGuid = {E4A02BE6-11F2-4E27-A9AA-FE2D8B3C3B15}
	EndGlobalSection
EndGlobal
